
Microsoft Visual Studio Solution File, Format Version 12.00
Project("{FAE04EC0-301F-11D3-BF4B-00C04F79EFBC}") = "EDeanery.Host", "EDeanery.Host\EDeanery.Host.csproj", "{EFC9CAFF-91DE-41A5-8007-ED7D564057CA}"
EndProject
Project("{FAE04EC0-301F-11D3-BF4B-00C04F79EFBC}") = "EDeanery.Application", "EDeanery.Application\EDeanery.Application.csproj", "{5CACA84E-A40F-4A08-A92A-B801EC458169}"
EndProject
Project("{FAE04EC0-301F-11D3-BF4B-00C04F79EFBC}") = "EDeanery.Persistence", "EDeanery.Persistence\EDeanery.Persistence.csproj", "{4A0F911C-EEBC-45D1-B6C0-3798FBA72408}"
EndProject
Project("{FAE04EC0-301F-11D3-BF4B-00C04F79EFBC}") = "EDeanery.Domain", "EDeanery.Domain\EDeanery.Domain.csproj", "{BB2CEE33-5DFB-41CE-A939-58672BFA6372}"
EndProject
Project("{2150E333-8FDC-42A3-9474-1A3956D46DE8}") = "Deploy", "Deploy", "{EF83D341-D31F-4DFA-BCC3-0F5B6D6519BF}"
ProjectSection(SolutionItems) = preProject
	Deploy\init_code_first.bat = Deploy\init_code_first.bat
EndProjectSection
EndProject
Project("{FAE04EC0-301F-11D3-BF4B-00C04F79EFBC}") = "EDeanery.Mappers", "EDeanery.Mappers\EDeanery.Mappers.csproj", "{BFF18105-25E1-4F67-8633-CE307712C789}"
EndProject
Global
	GlobalSection(SolutionConfigurationPlatforms) = preSolution
		Debug|Any CPU = Debug|Any CPU
		Release|Any CPU = Release|Any CPU
	EndGlobalSection
	GlobalSection(ProjectConfigurationPlatforms) = postSolution
		{EFC9CAFF-91DE-41A5-8007-ED7D564057CA}.Debug|Any CPU.ActiveCfg = Debug|Any CPU
		{EFC9CAFF-91DE-41A5-8007-ED7D564057CA}.Debug|Any CPU.Build.0 = Debug|Any CPU
		{EFC9CAFF-91DE-41A5-8007-ED7D564057CA}.Release|Any CPU.ActiveCfg = Release|Any CPU
		{EFC9CAFF-91DE-41A5-8007-ED7D564057CA}.Release|Any CPU.Build.0 = Release|Any CPU
		{5CACA84E-A40F-4A08-A92A-B801EC458169}.Debug|Any CPU.ActiveCfg = Debug|Any CPU
		{5CACA84E-A40F-4A08-A92A-B801EC458169}.Debug|Any CPU.Build.0 = Debug|Any CPU
		{5CACA84E-A40F-4A08-A92A-B801EC458169}.Release|Any CPU.ActiveCfg = Release|Any CPU
		{5CACA84E-A40F-4A08-A92A-B801EC458169}.Release|Any CPU.Build.0 = Release|Any CPU
		{4A0F911C-EEBC-45D1-B6C0-3798FBA72408}.Debug|Any CPU.ActiveCfg = Debug|Any CPU
		{4A0F911C-EEBC-45D1-B6C0-3798FBA72408}.Debug|Any CPU.Build.0 = Debug|Any CPU
		{4A0F911C-EEBC-45D1-B6C0-3798FBA72408}.Release|Any CPU.ActiveCfg = Release|Any CPU
		{4A0F911C-EEBC-45D1-B6C0-3798FBA72408}.Release|Any CPU.Build.0 = Release|Any CPU
		{BB2CEE33-5DFB-41CE-A939-58672BFA6372}.Debug|Any CPU.ActiveCfg = Debug|Any CPU
		{BB2CEE33-5DFB-41CE-A939-58672BFA6372}.Debug|Any CPU.Build.0 = Debug|Any CPU
		{BB2CEE33-5DFB-41CE-A939-58672BFA6372}.Release|Any CPU.ActiveCfg = Release|Any CPU
		{BB2CEE33-5DFB-41CE-A939-58672BFA6372}.Release|Any CPU.Build.0 = Release|Any CPU
		{BFF18105-25E1-4F67-8633-CE307712C789}.Debug|Any CPU.ActiveCfg = Debug|Any CPU
		{BFF18105-25E1-4F67-8633-CE307712C789}.Debug|Any CPU.Build.0 = Debug|Any CPU
		{BFF18105-25E1-4F67-8633-CE307712C789}.Release|Any CPU.ActiveCfg = Release|Any CPU
		{BFF18105-25E1-4F67-8633-CE307712C789}.Release|Any CPU.Build.0 = Release|Any CPU
	EndGlobalSection
EndGlobal
